PATH
  remote: .
  specs:
    daisybill_api (0.1.9)
      activemodel (>= 4.2)
      rest-client (~> 2.0)

GEM
  remote: https://rubygems.org/
  specs:
    activemodel (7.1.6)
      activesupport (= 7.1.6)
    activesupport (7.1.6)
      base64
      benchmark (>= 0.3)
      bigdecimal
      concurrent-ruby (~> 1.0, >= 1.0.2)
      connection_pool (>= 2.2.5)
      drb
      i18n (>= 1.6, < 2)
      logger (>= 1.4.2)
      minitest (>= 5.1)
      mutex_m
      securerandom (>= 0.3)
      tzinfo (~> 2.0)
    addressable (2.8.9)
      public_suffix (>= 2.0.2, < 8.0)
    base64 (0.3.0)
    benchmark (0.5.0)
    bigdecimal (4.0.1)
    concurrent-ruby (1.3.6)
    connection_pool (2.5.5)
    crack (1.0.1)
      bigdecimal
      rexml
    diff-lcs (1.3)
    domain_name (0.6.20240107)
    drb (2.2.3)
    ffaker (2.9.0)
    hashdiff (1.2.1)
    http-accept (1.7.0)
    http-cookie (1.1.0)
      domain_name (~> 0.5)
    i18n (1.14.8)
      concurrent-ruby (~> 1.0)
    logger (1.7.0)
    mime-types (3.7.0)
      logger
      mime-types-data (~> 3.2025, >= 3.2025.0507)
    mime-types-data (3.2026.0317)
    minitest (5.26.1)
    mutex_m (0.3.0)
    netrc (0.11.0)
    public_suffix (5.1.1)
    rake (10.5.0)
    rest-client (2.1.0)
      http-accept (>= 1.7.0, < 2.0)
      http-cookie (>= 1.0.2, < 2.0)
      mime-types (>= 1.16, < 4.0)
      netrc (~> 0.8)
    rexml (3.4.4)
    rspec (3.7.0)
      rspec-core (~> 3.7.0)
      rspec-expectations (~> 3.7.0)
      rspec-mocks (~> 3.7.0)
    rspec-collection_matchers (1.1.3)
      rspec-expectations (>= 2.99.0.beta1)
    rspec-core (3.7.1)
      rspec-support (~> 3.7.0)
    rspec-expectations (3.7.0)
      diff-lcs (>= 1.2.0, < 2.0)
      rspec-support (~> 3.7.0)
    rspec-its (1.2.0)
      rspec-core (>= 3.0.0)
      rspec-expectations (>= 3.0.0)
    rspec-mocks (3.7.0)
      diff-lcs (>= 1.2.0, < 2.0)
      rspec-support (~> 3.7.0)
    rspec-support (3.7.1)
    securerandom (0.3.2)
    tzinfo (2.0.6)
      concurrent-ruby (~> 1.0)
    vcr (6.4.0)
    webmock (3.26.2)
      addressable (>= 2.8.0)
      crack (>= 0.3.2)
      hashdiff (>= 0.4.0, < 2.0.0)
    yard (0.9.12)

PLATFORMS
  ruby

DEPENDENCIES
  bundler (>= 1.7)
  daisybill_api!
  ffaker (~> 2.0)
  rake (~> 10.0)
  rspec (~> 3.2)
  rspec-collection_matchers (~> 1.1)
  rspec-its (~> 1.2)
  vcr (~> 6.3)
  webmock (~> 3.25)
  yard (~> 0.9.0)

BUNDLED WITH
   1.17.3
